
Microsoft Visual Studio Solution File, Format Version 11.00
# Visual Studio 2010
Project("{FAE04EC0-301F-11D3-BF4B-00C04F79EFBC}") = "Assembly-CSharp", "Assembly-CSharp.csproj", "{49B1868D-3958-F382-97E6-DF69530FD547}"
EndProject
Project("{FAE04EC0-301F-11D3-BF4B-00C04F79EFBC}") = "Assembly-CSharp-Editor", "Assembly-CSharp-Editor.csproj", "{5ADA3A36-65AD-3B7D-B50C-83D8C637202E}"
EndProject
Global
	GlobalSection(SolutionConfigurationPlatforms) = preSolution
		Debug|Any CPU = Debug|Any CPU
		Release|Any CPU = Release|Any CPU
	EndGlobalSection
	GlobalSection(ProjectConfigurationPlatforms) = postSolution
		{49B1868D-3958-F382-97E6-DF69530FD547}.Debug|Any CPU.ActiveCfg = Debug|Any CPU
		{49B1868D-3958-F382-97E6-DF69530FD547}.Debug|Any CPU.Build.0 = Debug|Any CPU
		{49B1868D-3958-F382-97E6-DF69530FD547}.Release|Any CPU.ActiveCfg = Release|Any CPU
		{49B1868D-3958-F382-97E6-DF69530FD547}.Release|Any CPU.Build.0 = Release|Any CPU
		{5ADA3A36-65AD-3B7D-B50C-83D8C637202E}.Debug|Any CPU.ActiveCfg = Debug|Any CPU
		{5ADA3A36-65AD-3B7D-B50C-83D8C637202E}.Debug|Any CPU.Build.0 = Debug|Any CPU
		{5ADA3A36-65AD-3B7D-B50C-83D8C637202E}.Release|Any CPU.ActiveCfg = Release|Any CPU
		{5ADA3A36-65AD-3B7D-B50C-83D8C637202E}.Release|Any CPU.Build.0 = Release|Any CPU
	EndGlobalSection
	GlobalSection(SolutionProperties) = preSolution
		HideSolutionNode = FALSE
	EndGlobalSection
	GlobalSection(MonoDevelopProperties) = preSolution
		StartupItem = Assembly-CSharp.csproj
	EndGlobalSection
EndGlobal
